
Microsoft Visual Studio Solution File, Format Version 12.00
# Visual Studio Version 17
VisualStudioVersion = 17.0.31912.275
MinimumVisualStudioVersion = 10.0.40219.1
Project("{9A19103F-16F7-4668-BE54-9A1E7A4F7556}") = "ConsoleApp1", "ConsoleApp1\ConsoleApp1.csproj", "{15264E12-FBCD-4ABC-A6F6-792AC1C2EA83}"
EndProject
Project("{9A19103F-16F7-4668-BE54-9A1E7A4F7556}") = "BooksLibrary", "..\BooksLibrary\BooksLibrary.csproj", "{1088B349-ACDA-4A36-9AAD-1361C2E6EB77}"
EndProject
Project("{FAE04EC0-301F-11D3-BF4B-00C04F79EFBC}") = "ServerSideProject", "..\ServerSideProject\ServerSideProject.csproj", "{F6A0ED40-160A-447B-B169-8885433F47F1}"
EndProject
Global
	GlobalSection(SolutionConfigurationPlatforms) = preSolution
		Debug|Any CPU = Debug|Any CPU
		Release|Any CPU = Release|Any CPU
	EndGlobalSection
	GlobalSection(ProjectConfigurationPlatforms) = postSolution
		{15264E12-FBCD-4ABC-A6F6-792AC1C2EA83}.Debug|Any CPU.ActiveCfg = Debug|Any CPU
		{15264E12-FBCD-4ABC-A6F6-792AC1C2EA83}.Debug|Any CPU.Build.0 = Debug|Any CPU
		{15264E12-FBCD-4ABC-A6F6-792AC1C2EA83}.Release|Any CPU.ActiveCfg = Release|Any CPU
		{15264E12-FBCD-4ABC-A6F6-792AC1C2EA83}.Release|Any CPU.Build.0 = Release|Any CPU
		{1088B349-ACDA-4A36-9AAD-1361C2E6EB77}.Debug|Any CPU.ActiveCfg = Debug|Any CPU
		{1088B349-ACDA-4A36-9AAD-1361C2E6EB77}.Debug|Any CPU.Build.0 = Debug|Any CPU
		{1088B349-ACDA-4A36-9AAD-1361C2E6EB77}.Release|Any CPU.ActiveCfg = Release|Any CPU
		{1088B349-ACDA-4A36-9AAD-1361C2E6EB77}.Release|Any CPU.Build.0 = Release|Any CPU
		{F6A0ED40-160A-447B-B169-8885433F47F1}.Debug|Any CPU.ActiveCfg = Debug|Any CPU
		{F6A0ED40-160A-447B-B169-8885433F47F1}.Debug|Any CPU.Build.0 = Debug|Any CPU
		{F6A0ED40-160A-447B-B169-8885433F47F1}.Release|Any CPU.ActiveCfg = Release|Any CPU
		{F6A0ED40-160A-447B-B169-8885433F47F1}.Release|Any CPU.Build.0 = Release|Any CPU
	EndGlobalSection
	GlobalSection(SolutionProperties) = preSolution
		HideSolutionNode = FALSE
	EndGlobalSection
	GlobalSection(ExtensibilityGlobals) = postSolution
		SolutionGuid = {C3325D71-BF59-4B45-8CEF-D48A26BF735A}
	EndGlobalSection
EndGlobal
